{
  "name": "NextJs_30_Projects",
  "lockfileVersion": 3,
  "requires": true,
  "packages": {
    "": {
      "dependencies": {
        "dynamic": "^4.2.2",
        "framer-motion": "^11.5.4",
        "react-confetti": "^6.1.0",
        "react-icons": "^5.3.0"
      }
    },
    "node_modules/dynamic": {
      "version": "4.2.2",
      "resolved": "https://registry.npmjs.org/dynamic/-/dynamic-4.2.2.tgz",
      "integrity": "sha512-ehc2QCZ/s75ih5jCsVdeGAol9ls+24q5W+O/yYWBz0Y/hL6iANqnUBdaasDyIDt2Kpiaq22PZ8fpJE7kjLjlpQ==",
      "license": "MIT",
      "dependencies": {
        "expression-eval": "^1.4.0",
        "jquery": "^3.4.1",
        "microdash": "~1.3"
      },
      "engines": {
        "node": ">=0.6"
      }
    },
    "node_modules/expression-eval": {
      "version": "1.4.0",
      "resolved": "https://registry.npmjs.org/expression-eval/-/expression-eval-1.4.0.tgz",
      "integrity": "sha512-CvpqG2feKjGcr+6NB/ZOA2csOeVL+2DSiWrF/4h0mrdYv4SxR2vCZhLHSst4Sp+xHtN/LQtPfi6i7K9EJwzRGw==",
      "deprecated": "The expression-eval npm package is no longer maintained. The package was originally published as part of a now-completed personal project, and I do not have incentives to continue maintenance.",
      "license": "MIT",
      "dependencies": {
        "jsep": "^0.3.0"
      }
    },
    "node_modules/framer-motion": {
      "version": "11.5.4",
      "resolved": "https://registry.npmjs.org/framer-motion/-/framer-motion-11.5.4.tgz",
      "integrity": "sha512-E+tb3/G6SO69POkdJT+3EpdMuhmtCh9EWuK4I1DnIC23L7tFPrl8vxP+LSovwaw6uUr73rUbpb4FgK011wbRJQ==",
      "license": "MIT",
      "dependencies": {
        "tslib": "^2.4.0"
      },
      "peerDependencies": {
        "@emotion/is-prop-valid": "*",
        "react": "^18.0.0",
        "react-dom": "^18.0.0"
      },
      "peerDependenciesMeta": {
        "@emotion/is-prop-valid": {
          "optional": true
        },
        "react": {
          "optional": true
        },
        "react-dom": {
          "optional": true
        }
      }
    },
    "node_modules/jquery": {
      "version": "3.7.1",
      "resolved": "https://registry.npmjs.org/jquery/-/jquery-3.7.1.tgz",
      "integrity": "sha512-m4avr8yL8kmFN8psrbFFFmB/If14iN5o9nw/NgnnM+kybDJpRsAynV2BsfpTYrTRysYUdADVD7CkUUizgkpLfg==",
      "license": "MIT"
    },
    "node_modules/js-tokens": {
      "version": "4.0.0",
      "resolved": "https://registry.npmjs.org/js-tokens/-/js-tokens-4.0.0.tgz",
      "integrity": "sha512-RdJUflcE3cUzKiMqQgsCu06FPu9UdIJO0beYbPhHN4k6apgJtifcoCtT9bcxOpYBtpD2kCM6Sbzg4CausW/PKQ==",
      "license": "MIT",
      "peer": true
    },
    "node_modules/jsep": {
      "version": "0.3.5",
      "resolved": "https://registry.npmjs.org/jsep/-/jsep-0.3.5.tgz",
      "integrity": "sha512-AoRLBDc6JNnKjNcmonituEABS5bcfqDhQAWWXNTFrqu6nVXBpBAGfcoTGZMFlIrh9FjmE1CQyX9CTNwZrXMMDA==",
      "license": "MIT",
      "engines": {
        "node": ">= 6.0.0"
      }
    },
    "node_modules/loose-envify": {
      "version": "1.4.0",
      "resolved": "https://registry.npmjs.org/loose-envify/-/loose-envify-1.4.0.tgz",
      "integrity": "sha512-lyuxPGr/Wfhrlem2CL/UcnUc1zcqKAImBDzukY7Y5F/yQiNdko6+fRLevlw1HgMySw7f611UIY408EtxRSoK3Q==",
      "license": "MIT",
      "peer": true,
      "dependencies": {
        "js-tokens": "^3.0.0 || ^4.0.0"
      },
      "bin": {
        "loose-envify": "cli.js"
      }
    },
    "node_modules/microdash": {
      "version": "1.3.0",
      "resolved": "https://registry.npmjs.org/microdash/-/microdash-1.3.0.tgz",
      "integrity": "sha512-iQyHLodLERj5U5+AzaFKRL4OlUoFCHGHZbTbAnAhN2Xn8nT7zEMt0lk4hQHmyJZpXKIVO+4BN7d47FBi54G6lg==",
      "license": "MIT",
      "engines": {
        "node": ">=0.6"
      }
    },
    "node_modules/react": {
      "version": "18.3.1",
      "resolved": "https://registry.npmjs.org/react/-/react-18.3.1.tgz",
      "integrity": "sha512-wS+hAgJShR0KhEvPJArfuPVN1+Hz1t0Y6n5jLrGQbkb4urgPE/0Rve+1kMB1v/oWgHgm4WIcV+i7F2pTVj+2iQ==",
      "license": "MIT",
      "peer": true,
      "dependencies": {
        "loose-envify": "^1.1.0"
      },
      "engines": {
        "node": ">=0.10.0"
      }
    },
    "node_modules/react-confetti": {
      "version": "6.1.0",
      "resolved": "https://registry.npmjs.org/react-confetti/-/react-confetti-6.1.0.tgz",
      "integrity": "sha512-7Ypx4vz0+g8ECVxr88W9zhcQpbeujJAVqL14ZnXJ3I23mOI9/oBVTQ3dkJhUmB0D6XOtCZEM6N0Gm9PMngkORw==",
      "license": "MIT",
      "dependencies": {
        "tween-functions": "^1.2.0"
      },
      "engines": {
        "node": ">=10.18"
      },
      "peerDependencies": {
        "react": "^16.3.0 || ^17.0.1 || ^18.0.0"
      }
    },
    "node_modules/react-icons": {
      "version": "5.3.0",
      "resolved": "https://registry.npmjs.org/react-icons/-/react-icons-5.3.0.tgz",
      "integrity": "sha512-DnUk8aFbTyQPSkCfF8dbX6kQjXA9DktMeJqfjrg6cK9vwQVMxmcA3BfP4QoiztVmEHtwlTgLFsPuH2NskKT6eg==",
      "license": "MIT",
      "peerDependencies": {
        "react": "*"
      }
    },
    "node_modules/tslib": {
      "version": "2.7.0",
      "resolved": "https://registry.npmjs.org/tslib/-/tslib-2.7.0.tgz",
      "integrity": "sha512-gLXCKdN1/j47AiHiOkJN69hJmcbGTHI0ImLmbYLHykhgeN0jVGola9yVjFgzCUklsZQMW55o+dW7IXv3RCXDzA==",
      "license": "0BSD"
    },
    "node_modules/tween-functions": {
      "version": "1.2.0",
      "resolved": "https://registry.npmjs.org/tween-functions/-/tween-functions-1.2.0.tgz",
      "integrity": "sha512-PZBtLYcCLtEcjL14Fzb1gSxPBeL7nWvGhO5ZFPGqziCcr8uvHp0NDmdjBchp6KHL+tExcg0m3NISmKxhU394dA==",
      "license": "BSD"
    }
  }
}
